// !$*UTF8*$!
{
	archiveVersion = 1;
	classes = {
	};
	objectVersion = 55;
	objects = {

/* Begin PBXBuildFile section */
		789D96AC2927385100B708B2 /* AppDelegate.swift in Sources */ = {isa = PBXBuildFile; fileRef = 789D96AB2927385100B708B2 /* AppDelegate.swift */; };
		789D96AE2927385100B708B2 /* SceneDelegate.swift in Sources */ = {isa = PBXBuildFile; fileRef = 789D96AD2927385100B708B2 /* SceneDelegate.swift */; };
		789D96B02927385100B708B2 /* ViewController.swift in Sources */ = {isa = PBXBuildFile; fileRef = 789D96AF2927385100B708B2 /* ViewController.swift */; };
		789D96B32927385100B708B2 /* Main.storyboard in Resources */ = {isa = PBXBuildFile; fileRef = 789D96B12927385100B708B2 /* Main.storyboard */; };
		789D96B52927385300B708B2 /* Assets.xcassets in Resources */ = {isa = PBXBuildFile; fileRef = 789D96B42927385300B708B2 /* Assets.xcassets */; };
		789D96B82927385300B708B2 /* LaunchScreen.storyboard in Resources */ = {isa = PBXBuildFile; fileRef = 789D96B62927385300B708B2 /* LaunchScreen.storyboard */; };
		789D96C32927385300B708B2 /* iTunesMusicTests.swift in Sources */ = {isa = PBXBuildFile; fileRef = 789D96C22927385300B708B2 /* iTunesMusicTests.swift */; };
		789D96CD2927385300B708B2 /* iTunesMusicUITests.swift in Sources */ = {isa = PBXBuildFile; fileRef = 789D96CC2927385300B708B2 /* iTunesMusicUITests.swift */; };
		789D96CF2927385300B708B2 /* iTunesMusicUITestsLaunchTests.swift in Sources */ = {isa = PBXBuildFile; fileRef = 789D96CE2927385300B708B2 /* iTunesMusicUITestsLaunchTests.swift */; };
/* End PBXBuildFile section */

/* Begin PBXContainerItemProxy section */
		789D96BF2927385300B708B2 /* PBXContainerItemProxy */ = {
			isa = PBXContainerItemProxy;
			containerPortal = 789D96A02927385100B708B2 /* Project object */;
			proxyType = 1;
			remoteGlobalIDString = 789D96A72927385100B708B2;
			remoteInfo = iTunesMusic;
		};
		789D96C92927385300B708B2 /* PBXContainerItemProxy */ = {
			isa = PBXContainerItemProxy;
			containerPortal = 789D96A02927385100B708B2 /* Project object */;
			proxyType = 1;
			remoteGlobalIDString = 789D96A72927385100B708B2;
			remoteInfo = iTunesMusic;
		};
/* End PBXContainerItemProxy section */

/* Begin PBXFileReference section */
		789D96A82927385100B708B2 /* iTunesMusic.app */ = {isa = PBXFileReference; explicitFileType = wrapper.application; includeInIndex = 0; path = iTunesMusic.app; sourceTree = BUILT_PRODUCTS_DIR; };
		789D96AB2927385100B708B2 /* AppDelegate.swift */ = {isa = PBXFileReference; lastKnownFileType = sourcecode.swift; path = AppDelegate.swift; sourceTree = "<group>"; };
		789D96AD2927385100B708B2 /* SceneDelegate.swift */ = {isa = PBXFileReference; lastKnownFileType = sourcecode.swift; path = SceneDelegate.swift; sourceTree = "<group>"; };
		789D96AF2927385100B708B2 /* ViewController.swift */ = {isa = PBXFileReference; lastKnownFileType = sourcecode.swift; path = ViewController.swift; sourceTree = "<group>"; };
		789D96B22927385100B708B2 /* Base */ = {isa = PBXFileReference; lastKnownFileType = file.storyboard; name = Base; path = Base.lproj/Main.storyboard; sourceTree = "<group>"; };
		789D96B42927385300B708B2 /* Assets.xcassets */ = {isa = PBXFileReference; lastKnownFileType = folder.assetcatalog; path = Assets.xcassets; sourceTree = "<group>"; };
		789D96B72927385300B708B2 /* Base */ = {isa = PBXFileReference; lastKnownFileType = file.storyboard; name = Base; path = Base.lproj/LaunchScreen.storyboard; sourceTree = "<group>"; };
		789D96B92927385300B708B2 /* Info.plist */ = {isa = PBXFileReference; lastKnownFileType = text.plist.xml; path = Info.plist; sourceTree = "<group>"; };
		789D96BE2927385300B708B2 /* iTunesMusicTests.xctest */ = {isa = PBXFileReference; explicitFileType = wrapper.cfbundle; includeInIndex = 0; path = iTunesMusicTests.xctest; sourceTree = BUILT_PRODUCTS_DIR; };
		789D96C22927385300B708B2 /* iTunesMusicTests.swift */ = {isa = PBXFileReference; lastKnownFileType = sourcecode.swift; path = iTunesMusicTests.swift; sourceTree = "<group>"; };
		789D96C82927385300B708B2 /* iTunesMusicUITests.xctest */ = {isa = PBXFileReference; explicitFileType = wrapper.cfbundle; includeInIndex = 0; path = iTunesMusicUITests.xctest; sourceTree = BUILT_PRODUCTS_DIR; };
		789D96CC2927385300B708B2 /* iTunesMusicUITests.swift */ = {isa = PBXFileReference; lastKnownFileType = sourcecode.swift; path = iTunesMusicUITests.swift; sourceTree = "<group>"; };
		789D96CE2927385300B708B2 /* iTunesMusicUITestsLaunchTests.swift */ = {isa = PBXFileReference; lastKnownFileType = sourcecode.swift; path = iTunesMusicUITestsLaunchTests.swift; sourceTree = "<group>"; };
/* End PBXFileReference section */

/* Begin PBXFrameworksBuildPhase section */
		789D96A52927385100B708B2 /* Frameworks */ = {
			isa = PBXFrameworksBuildPhase;
			buildActionMask = 2147483647;
			files = (
			);
			runOnlyForDeploymentPostprocessing = 0;
		};
		789D96BB2927385300B708B2 /* Frameworks */ = {
			isa = PBXFrameworksBuildPhase;
			buildActionMask = 2147483647;
			files = (
			);
			runOnlyForDeploymentPostprocessing = 0;
		};
		789D96C52927385300B708B2 /* Frameworks */ = {
			isa = PBXFrameworksBuildPhase;
			buildActionMask = 2147483647;
			files = (
			);
			runOnlyForDeploymentPostprocessing = 0;
		};
/* End PBXFrameworksBuildPhase section */

/* Begin PBXGroup section */
		789D969F2927385100B708B2 = {
			isa = PBXGroup;
			children = (
				789D96AA2927385100B708B2 /* iTunesMusic */,
				789D96C12927385300B708B2 /* iTunesMusicTests */,
				789D96CB2927385300B708B2 /* iTunesMusicUITests */,
				789D96A92927385100B708B2 /* Products */,
			);
			sourceTree = "<group>";
		};
		789D96A92927385100B708B2 /* Products */ = {
			isa = PBXGroup;
			children = (
				789D96A82927385100B708B2 /* iTunesMusic.app */,
				789D96BE2927385300B708B2 /* iTunesMusicTests.xctest */,
				789D96C82927385300B708B2 /* iTunesMusicUITests.xctest */,
			);
			name = Products;
			sourceTree = "<group>";
		};
		789D96AA2927385100B708B2 /* iTunesMusic */ = {
			isa = PBXGroup;
			children = (
				789D96AB2927385100B708B2 /* AppDelegate.swift */,
				789D96AD2927385100B708B2 /* SceneDelegate.swift */,
				789D96AF2927385100B708B2 /* ViewController.swift */,
				789D96B12927385100B708B2 /* Main.storyboard */,
				789D96B42927385300B708B2 /* Assets.xcassets */,
				789D96B62927385300B708B2 /* LaunchScreen.storyboard */,
				789D96B92927385300B708B2 /* Info.plist */,
			);
			path = iTunesMusic;
			sourceTree = "<group>";
		};
		789D96C12927385300B708B2 /* iTunesMusicTests */ = {
			isa = PBXGroup;
			children = (
				789D96C22927385300B708B2 /* iTunesMusicTests.swift */,
			);
			path = iTunesMusicTests;
			sourceTree = "<group>";
		};
		789D96CB2927385300B708B2 /* iTunesMusicUITests */ = {
			isa = PBXGroup;
			children = (
				789D96CC2927385300B708B2 /* iTunesMusicUITests.swift */,
				789D96CE2927385300B708B2 /* iTunesMusicUITestsLaunchTests.swift */,
			);
			path = iTunesMusicUITests;
			sourceTree = "<group>";
		};
/* End PBXGroup section */

/* Begin PBXNativeTarget section */
		789D96A72927385100B708B2 /* iTunesMusic */ = {
			isa = PBXNativeTarget;
			buildConfigurationList = 789D96D22927385300B708B2 /* Build configuration list for PBXNativeTarget "iTunesMusic" */;
			buildPhases = (
				789D96A42927385100B708B2 /* Sources */,
				789D96A52927385100B708B2 /* Frameworks */,
				789D96A62927385100B708B2 /* Resources */,
			);
			buildRules = (
			);
			dependencies = (
			);
			name = iTunesMusic;
			productName = iTunesMusic;
			productReference = 789D96A82927385100B708B2 /* iTunesMusic.app */;
			productType = "com.apple.product-type.application";
		};
		789D96BD2927385300B708B2 /* iTunesMusicTests */ = {
			isa = PBXNativeTarget;
			buildConfigurationList = 789D96D52927385300B708B2 /* Build configuration list for PBXNativeTarget "iTunesMusicTests" */;
			buildPhases = (
				789D96BA2927385300B708B2 /* Sources */,
				789D96BB2927385300B708B2 /* Frameworks */,
				789D96BC2927385300B708B2 /* Resources */,
			);
			buildRules = (
			);
			dependencies = (
				789D96C02927385300B708B2 /* PBXTargetDependency */,
			);
			name = iTunesMusicTests;
			productName = iTunesMusicTests;
			productReference = 789D96BE2927385300B708B2 /* iTunesMusicTests.xctest */;
			productType = "com.apple.product-type.bundle.unit-test";
		};
		789D96C72927385300B708B2 /* iTunesMusicUITests */ = {
			isa = PBXNativeTarget;
			buildConfigurationList = 789D96D82927385300B708B2 /* Build configuration list for PBXNativeTarget "iTunesMusicUITests" */;
			buildPhases = (
				789D96C42927385300B708B2 /* Sources */,
				789D96C52927385300B708B2 /* Frameworks */,
				789D96C62927385300B708B2 /* Resources */,
			);
			buildRules = (
			);
			dependencies = (
				789D96CA2927385300B708B2 /* PBXTargetDependency */,
			);
			name = iTunesMusicUITests;
			productName = iTunesMusicUITests;
			productReference = 789D96C82927385300B708B2 /* iTunesMusicUITests.xctest */;
			productType = "com.apple.product-type.bundle.ui-testing";
		};
/* End PBXNativeTarget section */

/* Begin PBXProject section */
		789D96A02927385100B708B2 /* Project object */ = {
			isa = PBXProject;
			attributes = {
				BuildIndependentTargetsInParallel = 1;
				LastSwiftUpdateCheck = 1340;
				LastUpgradeCheck = 1340;
				TargetAttributes = {
					789D96A72927385100B708B2 = {
						CreatedOnToolsVersion = 13.4.1;
					};
					789D96BD2927385300B708B2 = {
						CreatedOnToolsVersion = 13.4.1;
						TestTargetID = 789D96A72927385100B708B2;
					};
					789D96C72927385300B708B2 = {
						CreatedOnToolsVersion = 13.4.1;
						TestTargetID = 789D96A72927385100B708B2;
					};
				};
			};
			buildConfigurationList = 789D96A32927385100B708B2 /* Build configuration list for PBXProject "iTunesMusic" */;
			compatibilityVersion = "Xcode 13.0";
			developmentRegion = en;
			hasScannedForEncodings = 0;
			knownRegions = (
				en,
				Base,
			);
			mainGroup = 789D969F2927385100B708B2;
			productRefGroup = 789D96A92927385100B708B2 /* Products */;
			projectDirPath = "";
			projectRoot = "";
			targets = (
				789D96A72927385100B708B2 /* iTunesMusic */,
				789D96BD2927385300B708B2 /* iTunesMusicTests */,
				789D96C72927385300B708B2 /* iTunesMusicUITests */,
			);
		};
/* End PBXProject section */

/* Begin PBXResourcesBuildPhase section */
		789D96A62927385100B708B2 /* Resources */ = {
			isa = PBXResourcesBuildPhase;
			buildActionMask = 2147483647;
			files = (
				789D96B82927385300B708B2 /* LaunchScreen.storyboard in Resources */,
				789D96B52927385300B708B2 /* Assets.xcassets in Resources */,
				789D96B32927385100B708B2 /* Main.storyboard in Resources */,
			);
			runOnlyForDeploymentPostprocessing = 0;
		};
		789D96BC2927385300B708B2 /* Resources */ = {
			isa = PBXResourcesBuildPhase;
			buildActionMask = 2147483647;
			files = (
			);
			runOnlyForDeploymentPostprocessing = 0;
		};
		789D96C62927385300B708B2 /* Resources */ = {
			isa = PBXResourcesBuildPhase;
			buildActionMask = 2147483647;
			files = (
			);
			runOnlyForDeploymentPostprocessing = 0;
		};
/* End PBXResourcesBuildPhase section */

/* Begin PBXSourcesBuildPhase section */
		789D96A42927385100B708B2 /* Sources */ = {
			isa = PBXSourcesBuildPhase;
			buildActionMask = 2147483647;
			files = (
				789D96B02927385100B708B2 /* ViewController.swift in Sources */,
				789D96AC2927385100B708B2 /* AppDelegate.swift in Sources */,
				789D96AE2927385100B708B2 /* SceneDelegate.swift in Sources */,
			);
			runOnlyForDeploymentPostprocessing = 0;
		};
		789D96BA2927385300B708B2 /* Sources */ = {
			isa = PBXSourcesBuildPhase;
			buildActionMask = 2147483647;
			files = (
				789D96C32927385300B708B2 /* iTunesMusicTests.swift in Sources */,
			);
			runOnlyForDeploymentPostprocessing = 0;
		};
		789D96C42927385300B708B2 /* Sources */ = {
			isa = PBXSourcesBuildPhase;
			buildActionMask = 2147483647;
			files = (
				789D96CF2927385300B708B2 /* iTunesMusicUITestsLaunchTests.swift in Sources */,
				789D96CD2927385300B708B2 /* iTunesMusicUITests.swift in Sources */,
			);
			runOnlyForDeploymentPostprocessing = 0;
		};
/* End PBXSourcesBuildPhase section */

/* Begin PBXTargetDependency section */
		789D96C02927385300B708B2 /* PBXTargetDependency */ = {
			isa = PBXTargetDependency;
			target = 789D96A72927385100B708B2 /* iTunesMusic */;
			targetProxy = 789D96BF2927385300B708B2 /* PBXContainerItemProxy */;
		};
		789D96CA2927385300B708B2 /* PBXTargetDependency */ = {
			isa = PBXTargetDependency;
			target = 789D96A72927385100B708B2 /* iTunesMusic */;
			targetProxy = 789D96C92927385300B708B2 /* PBXContainerItemProxy */;
		};
/* End PBXTargetDependency section */

/* Begin PBXVariantGroup section */
		789D96B12927385100B708B2 /* Main.storyboard */ = {
			isa = PBXVariantGroup;
			children = (
				789D96B22927385100B708B2 /* Base */,
			);
			name = Main.storyboard;
			sourceTree = "<group>";
		};
		789D96B62927385300B708B2 /* LaunchScreen.storyboard */ = {
			isa = PBXVariantGroup;
			children = (
				789D96B72927385300B708B2 /* Base */,
			);
			name = LaunchScreen.storyboard;
			sourceTree = "<group>";
		};
/* End PBXVariantGroup section */

/* Begin XCBuildConfiguration section */
		789D96D02927385300B708B2 /* Debug */ = {
			isa = XCBuildConfiguration;
			buildSettings = {
				ALWAYS_SEARCH_USER_PATHS = NO;
				CLANG_ANALYZER_NONNULL = YES;
				CLANG_ANALYZER_NUMBER_OBJECT_CONVERSION = YES_AGGRESSIVE;
				CLANG_CXX_LANGUAGE_STANDARD = "gnu++17";
				CLANG_ENABLE_MODULES = YES;
				CLANG_ENABLE_OBJC_ARC = YES;
				CLANG_ENABLE_OBJC_WEAK = YES;
				CLANG_WARN_BLOCK_CAPTURE_AUTORELEASING = YES;
				CLANG_WARN_BOOL_CONVERSION = YES;
				CLANG_WARN_COMMA = YES;
				CLANG_WARN_CONSTANT_CONVERSION = YES;
				CLANG_WARN_DEPRECATED_OBJC_IMPLEMENTATIONS = YES;
				CLANG_WARN_DIRECT_OBJC_ISA_USAGE = YES_ERROR;
				CLANG_WARN_DOCUMENTATION_COMMENTS = YES;
				CLANG_WARN_EMPTY_BODY = YES;
				CLANG_WARN_ENUM_CONVERSION = YES;
				CLANG_WARN_INFINITE_RECURSION = YES;
				CLANG_WARN_INT_CONVERSION = YES;
				CLANG_WARN_NON_LITERAL_NULL_CONVERSION = YES;
				CLANG_WARN_OBJC_IMPLICIT_RETAIN_SELF = YES;
				CLANG_WARN_OBJC_LITERAL_CONVERSION = YES;
				CLANG_WARN_OBJC_ROOT_CLASS = YES_ERROR;
				CLANG_WARN_QUOTED_INCLUDE_IN_FRAMEWORK_HEADER = YES;
				CLANG_WARN_RANGE_LOOP_ANALYSIS = YES;
				CLANG_WARN_STRICT_PROTOTYPES = YES;
				CLANG_WARN_SUSPICIOUS_MOVE = YES;
				CLANG_WARN_UNGUARDED_AVAILABILITY = YES_AGGRESSIVE;
				CLANG_WARN_UNREACHABLE_CODE = YES;
				CLANG_WARN__DUPLICATE_METHOD_MATCH = YES;
				COPY_PHASE_STRIP = NO;
				DEBUG_INFORMATION_FORMAT = dwarf;
				ENABLE_STRICT_OBJC_MSGSEND = YES;
				ENABLE_TESTABILITY = YES;
				GCC_C_LANGUAGE_STANDARD = gnu11;
				GCC_DYNAMIC_NO_PIC = NO;
				GCC_NO_COMMON_BLOCKS = YES;
				GCC_OPTIMIZATION_LEVEL = 0;
				GCC_PREPROCESSOR_DEFINITIONS = (
					"DEBUG=1",
					"$(inherited)",
				);
				GCC_WARN_64_TO_32_BIT_CONVERSION = YES;
				GCC_WARN_ABOUT_RETURN_TYPE = YES_ERROR;
				GCC_WARN_UNDECLARED_SELECTOR = YES;
				GCC_WARN_UNINITIALIZED_AUTOS = YES_AGGRESSIVE;
				GCC_WARN_UNUSED_FUNCTION = YES;
				GCC_WARN_UNUSED_VARIABLE = YES;
				IPHONEOS_DEPLOYMENT_TARGET = 15.5;
				MTL_ENABLE_DEBUG_INFO = INCLUDE_SOURCE;
				MTL_FAST_MATH = YES;
				ONLY_ACTIVE_ARCH = YES;
				SDKROOT = iphoneos;
				SWIFT_ACTIVE_COMPILATION_CONDITIONS = DEBUG;
				SWIFT_OPTIMIZATION_LEVEL = "-Onone";
			};
			name = Debug;
		};
		789D96D12927385300B708B2 /* Release */ = {
			isa = XCBuildConfiguration;
			buildSettings = {
				ALWAYS_SEARCH_USER_PATHS = NO;
				CLANG_ANALYZER_NONNULL = YES;
				CLANG_ANALYZER_NUMBER_OBJECT_CONVERSION = YES_AGGRESSIVE;
				CLANG_CXX_LANGUAGE_STANDARD = "gnu++17";
				CLANG_ENABLE_MODULES = YES;
				CLANG_ENABLE_OBJC_ARC = YES;
				CLANG_ENABLE_OBJC_WEAK = YES;
				CLANG_WARN_BLOCK_CAPTURE_AUTORELEASING = YES;
				CLANG_WARN_BOOL_CONVERSION = YES;
				CLANG_WARN_COMMA = YES;
				CLANG_WARN_CONSTANT_CONVERSION = YES;
				CLANG_WARN_DEPRECATED_OBJC_IMPLEMENTATIONS = YES;
				CLANG_WARN_DIRECT_OBJC_ISA_USAGE = YES_ERROR;
				CLANG_WARN_DOCUMENTATION_COMMENTS = YES;
				CLANG_WARN_EMPTY_BODY = YES;
				CLANG_WARN_ENUM_CONVERSION = YES;
				CLANG_WARN_INFINITE_RECURSION = YES;
				CLANG_WARN_INT_CONVERSION = YES;
				CLANG_WARN_NON_LITERAL_NULL_CONVERSION = YES;
				CLANG_WARN_OBJC_IMPLICIT_RETAIN_SELF = YES;
				CLANG_WARN_OBJC_LITERAL_CONVERSION = YES;
				CLANG_WARN_OBJC_ROOT_CLASS = YES_ERROR;
				CLANG_WARN_QUOTED_INCLUDE_IN_FRAMEWORK_HEADER = YES;
				CLANG_WARN_RANGE_LOOP_ANALYSIS = YES;
				CLANG_WARN_STRICT_PROTOTYPES = YES;
				CLANG_WARN_SUSPICIOUS_MOVE = YES;
				CLANG_WARN_UNGUARDED_AVAILABILITY = YES_AGGRESSIVE;
				CLANG_WARN_UNREACHABLE_CODE = YES;
				CLANG_WARN__DUPLICATE_METHOD_MATCH = YES;
				COPY_PHASE_STRIP = NO;
				DEBUG_INFORMATION_FORMAT = "dwarf-with-dsym";
				ENABLE_NS_ASSERTIONS = NO;
				ENABLE_STRICT_OBJC_MSGSEND = YES;
				GCC_C_LANGUAGE_STANDARD = gnu11;
				GCC_NO_COMMON_BLOCKS = YES;
				GCC_WARN_64_TO_32_BIT_CONVERSION = YES;
				GCC_WARN_ABOUT_RETURN_TYPE = YES_ERROR;
				GCC_WARN_UNDECLARED_SELECTOR = YES;
				GCC_WARN_UNINITIALIZED_AUTOS = YES_AGGRESSIVE;
				GCC_WARN_UNUSED_FUNCTION = YES;
				GCC_WARN_UNUSED_VARIABLE = YES;
				IPHONEOS_DEPLOYMENT_TARGET = 15.5;
				MTL_ENABLE_DEBUG_INFO = NO;
				MTL_FAST_MATH = YES;
				SDKROOT = iphoneos;
				SWIFT_COMPILATION_MODE = wholemodule;
				SWIFT_OPTIMIZATION_LEVEL = "-O";
				VALIDATE_PRODUCT = YES;
			};
			name = Release;
		};
		789D96D32927385300B708B2 /* Debug */ = {
			isa = XCBuildConfiguration;
			buildSettings = {
				ASSETCATALOG_COMPILER_APPICON_NAME = AppIcon;
				ASSETCATALOG_COMPILER_GLOBAL_ACCENT_COLOR_NAME = AccentColor;
				CODE_SIGN_STYLE = Automatic;
				CURRENT_PROJECT_VERSION = 1;
				GENERATE_INFOPLIST_FILE = YES;
				INFOPLIST_FILE = iTunesMusic/Info.plist;
				INFOPLIST_KEY_UIApplicationSupportsIndirectInputEvents = YES;
				INFOPLIST_KEY_UILaunchStoryboardName = LaunchScreen;
				INFOPLIST_KEY_UIMainStoryboardFile = Main;
				INFOPLIST_KEY_UISupportedInterfaceOrientations_iPad = "UIInterfaceOrientationPortrait UIInterfaceOrientationPortraitUpsideDown UIInterfaceOrientationLandscapeLeft UIInterfaceOrientationLandscapeRight";
				INFOPLIST_KEY_UISupportedInterfaceOrientations_iPhone = "UIInterfaceOrientationPortrait UIInterfaceOrientationLandscapeLeft UIInterfaceOrientationLandscapeRight";
				LD_RUNPATH_SEARCH_PATHS = (
					"$(inherited)",
					"@executable_path/Frameworks",
				);
				MARKETING_VERSION = 1.0;
				PRODUCT_BUNDLE_IDENTIFIER = com.taiyi.iTunesMusic;
				PRODUCT_NAME = "$(TARGET_NAME)";
				SWIFT_EMIT_LOC_STRINGS = YES;
				SWIFT_VERSION = 5.0;
				TARGETED_DEVICE_FAMILY = "1,2";
			};
			name = Debug;
		};
		789D96D42927385300B708B2 /* Release */ = {
			isa = XCBuildConfiguration;
			buildSettings = {
				ASSETCATALOG_COMPILER_APPICON_NAME = AppIcon;
				ASSETCATALOG_COMPILER_GLOBAL_ACCENT_COLOR_NAME = AccentColor;
				CODE_SIGN_STYLE = Automatic;
				CURRENT_PROJECT_VERSION = 1;
				GENERATE_INFOPLIST_FILE = YES;
				INFOPLIST_FILE = iTunesMusic/Info.plist;
				INFOPLIST_KEY_UIApplicationSupportsIndirectInputEvents = YES;
				INFOPLIST_KEY_UILaunchStoryboardName = LaunchScreen;
				INFOPLIST_KEY_UIMainStoryboardFile = Main;
				INFOPLIST_KEY_UISupportedInterfaceOrientations_iPad = "UIInterfaceOrientationPortrait UIInterfaceOrientationPortraitUpsideDown UIInterfaceOrientationLandscapeLeft UIInterfaceOrientationLandscapeRight";
				INFOPLIST_KEY_UISupportedInterfaceOrientations_iPhone = "UIInterfaceOrientationPortrait UIInterfaceOrientationLandscapeLeft UIInterfaceOrientationLandscapeRight";
				LD_RUNPATH_SEARCH_PATHS = (
					"$(inherited)",
					"@executable_path/Frameworks",
				);
				MARKETING_VERSION = 1.0;
				PRODUCT_BUNDLE_IDENTIFIER = com.taiyi.iTunesMusic;
				PRODUCT_NAME = "$(TARGET_NAME)";
				SWIFT_EMIT_LOC_STRINGS = YES;
				SWIFT_VERSION = 5.0;
				TARGETED_DEVICE_FAMILY = "1,2";
			};
			name = Release;
		};
		789D96D62927385300B708B2 /* Debug */ = {
			isa = XCBuildConfiguration;
			buildSettings = {
				ALWAYS_EMBED_SWIFT_STANDARD_LIBRARIES = YES;
				BUNDLE_LOADER = "$(TEST_HOST)";
				CODE_SIGN_STYLE = Automatic;
				CURRENT_PROJECT_VERSION = 1;
				GENERATE_INFOPLIST_FILE = YES;
				IPHONEOS_DEPLOYMENT_TARGET = 15.5;
				MARKETING_VERSION = 1.0;
				PRODUCT_BUNDLE_IDENTIFIER = com.taiyi.iTunesMusicTests;
				PRODUCT_NAME = "$(TARGET_NAME)";
				SWIFT_EMIT_LOC_STRINGS = NO;
				SWIFT_VERSION = 5.0;
				TARGETED_DEVICE_FAMILY = "1,2";
				TEST_HOST = "$(BUILT_PRODUCTS_DIR)/iTunesMusic.app/iTunesMusic";
			};
			name = Debug;
		};
		789D96D72927385300B708B2 /* Release */ = {
			isa = XCBuildConfiguration;
			buildSettings = {
				ALWAYS_EMBED_SWIFT_STANDARD_LIBRARIES = YES;
				BUNDLE_LOADER = "$(TEST_HOST)";
				CODE_SIGN_STYLE = Automatic;
				CURRENT_PROJECT_VERSION = 1;
				GENERATE_INFOPLIST_FILE = YES;
				IPHONEOS_DEPLOYMENT_TARGET = 15.5;
				MARKETING_VERSION = 1.0;
				PRODUCT_BUNDLE_IDENTIFIER = com.taiyi.iTunesMusicTests;
				PRODUCT_NAME = "$(TARGET_NAME)";
				SWIFT_EMIT_LOC_STRINGS = NO;
				SWIFT_VERSION = 5.0;
				TARGETED_DEVICE_FAMILY = "1,2";
				TEST_HOST = "$(BUILT_PRODUCTS_DIR)/iTunesMusic.app/iTunesMusic";
			};
			name = Release;
		};
		789D96D92927385300B708B2 /* Debug */ = {
			isa = XCBuildConfiguration;
			buildSettings = {
				ALWAYS_EMBED_SWIFT_STANDARD_LIBRARIES = YES;
				CODE_SIGN_STYLE = Automatic;
				CURRENT_PROJECT_VERSION = 1;
				GENERATE_INFOPLIST_FILE = YES;
				MARKETING_VERSION = 1.0;
				PRODUCT_BUNDLE_IDENTIFIER = com.taiyi.iTunesMusicUITests;
				PRODUCT_NAME = "$(TARGET_NAME)";
				SWIFT_EMIT_LOC_STRINGS = NO;
				SWIFT_VERSION = 5.0;
				TARGETED_DEVICE_FAMILY = "1,2";
				TEST_TARGET_NAME = iTunesMusic;
			};
			name = Debug;
		};
		789D96DA2927385300B708B2 /* Release */ = {
			isa = XCBuildConfiguration;
			buildSettings = {
				ALWAYS_EMBED_SWIFT_STANDARD_LIBRARIES = YES;
				CODE_SIGN_STYLE = Automatic;
				CURRENT_PROJECT_VERSION = 1;
				GENERATE_INFOPLIST_FILE = YES;
				MARKETING_VERSION = 1.0;
				PRODUCT_BUNDLE_IDENTIFIER = com.taiyi.iTunesMusicUITests;
				PRODUCT_NAME = "$(TARGET_NAME)";
				SWIFT_EMIT_LOC_STRINGS = NO;
				SWIFT_VERSION = 5.0;
				TARGETED_DEVICE_FAMILY = "1,2";
				TEST_TARGET_NAME = iTunesMusic;
			};
			name = Release;
		};
/* End XCBuildConfiguration section */

/* Begin XCConfigurationList section */
		789D96A32927385100B708B2 /* Build configuration list for PBXProject "iTunesMusic" */ = {
			isa = XCConfigurationList;
			buildConfigurations = (
				789D96D02927385300B708B2 /* Debug */,
				789D96D12927385300B708B2 /* Release */,
			);
			defaultConfigurationIsVisible = 0;
			defaultConfigurationName = Release;
		};
		789D96D22927385300B708B2 /* Build configuration list for PBXNativeTarget "iTunesMusic" */ = {
			isa = XCConfigurationList;
			buildConfigurations = (
				789D96D32927385300B708B2 /* Debug */,
				789D96D42927385300B708B2 /* Release */,
			);
			defaultConfigurationIsVisible = 0;
			defaultConfigurationName = Release;
		};
		789D96D52927385300B708B2 /* Build configuration list for PBXNativeTarget "iTunesMusicTests" */ = {
			isa = XCConfigurationList;
			buildConfigurations = (
				789D96D62927385300B708B2 /* Debug */,
				789D96D72927385300B708B2 /* Release */,
			);
			defaultConfigurationIsVisible = 0;
			defaultConfigurationName = Release;
		};
		789D96D82927385300B708B2 /* Build configuration list for PBXNativeTarget "iTunesMusicUITests" */ = {
			isa = XCConfigurationList;
			buildConfigurations = (
				789D96D92927385300B708B2 /* Debug */,
				789D96DA2927385300B708B2 /* Release */,
			);
			defaultConfigurationIsVisible = 0;
			defaultConfigurationName = Release;
		};
/* End XCConfigurationList section */
	};
	rootObject = 789D96A02927385100B708B2 /* Project object */;
}
